Microsoft Visual Studio Solution File, Format Version 12.00
# Visual Studio Version 17
VisualStudioVersion = 17.5.2.0
MinimumVisualStudioVersion = 10.0.40219.1
Project("{FAE04EC0-301F-11D3-BF4B-00C04F79EFBC}") = "LearnixBackend", "LearnixBackend\LearnixBackend.csproj", "{ECF6F340-CCED-5492-F533-B7F137632173}"
EndProject
Global
	GlobalSection(SolutionConfigurationPlatforms) = preSolution
		Debug|Any CPU = Debug|Any CPU
		Release|Any CPU = Release|Any CPU
	EndGlobalSection
	GlobalSection(ProjectConfigurationPlatforms) = postSolution
		{ECF6F340-CCED-5492-F533-B7F137632173}.Debug|Any CPU.ActiveCfg = Debug|Any CPU
		{ECF6F340-CCED-5492-F533-B7F137632173}.Debug|Any CPU.Build.0 = Debug|Any CPU
		{ECF6F340-CCED-5492-F533-B7F137632173}.Release|Any CPU.ActiveCfg = Release|Any CPU
		{ECF6F340-CCED-5492-F533-B7F137632173}.Release|Any CPU.Build.0 = Release|Any CPU
	EndGlobalSection
	GlobalSection(SolutionProperties) = preSolution
		HideSolutionNode = FALSE
	EndGlobalSection
	GlobalSection(ExtensibilityGlobals) = postSolution
		SolutionGuid = {609EC477-4437-4DF4-A2D8-9F26AA7A336A}
	EndGlobalSection
EndGlobal
